
Microsoft Visual Studio Solution File, Format Version 12.00
# Visual Studio Version 17
VisualStudioVersion = 17.1.32319.34
MinimumVisualStudioVersion = 10.0.40219.1
Project("{F184B08F-C81C-45F6-A57F-5ABD9991F28F}") = "Parcial 1-Herr_Prog- Xoan Teira", "Parcial 1-Herr_Prog- Xoan Teira\Parcial 1-Herr_Prog- Xoan Teira.vbproj", "{2F997113-15F2-4838-8C99-F8EEBB5CE0DE}"
EndProject
Global
	GlobalSection(SolutionConfigurationPlatforms) = preSolution
		Debug|Any CPU = Debug|Any CPU
		Release|Any CPU = Release|Any CPU
	EndGlobalSection
	GlobalSection(ProjectConfigurationPlatforms) = postSolution
		{2F997113-15F2-4838-8C99-F8EEBB5CE0DE}.Debug|Any CPU.ActiveCfg = Debug|Any CPU
		{2F997113-15F2-4838-8C99-F8EEBB5CE0DE}.Debug|Any CPU.Build.0 = Debug|Any CPU
		{2F997113-15F2-4838-8C99-F8EEBB5CE0DE}.Release|Any CPU.ActiveCfg = Release|Any CPU
		{2F997113-15F2-4838-8C99-F8EEBB5CE0DE}.Release|Any CPU.Build.0 = Release|Any CPU
	EndGlobalSection
	GlobalSection(SolutionProperties) = preSolution
		HideSolutionNode = FALSE
	EndGlobalSection
	GlobalSection(ExtensibilityGlobals) = postSolution
		SolutionGuid = {224BD909-B5A0-4265-B234-45716CF02EAB}
	EndGlobalSection
EndGlobal
